
Microsoft Visual Studio Solution File, Format Version 12.00
# Visual Studio Version 17
VisualStudioVersion = 17.12.35514.174
MinimumVisualStudioVersion = 10.0.40219.1
Project("{FAE04EC0-301F-11D3-BF4B-00C04F79EFBC}") = "AuthzCodeWithX509", "AuthzCodeWithX509\AuthzCodeWithX509.csproj", "{44792451-0108-4386-8164-1F510FBC926E}"
EndProject
Project("{2150E333-8FDC-42A3-9474-1A3956D46DE8}") = "Solution Items", "Solution Items", "{836A4A63-5D10-4D71-ACC4-FEA66070380A}"
	ProjectSection(SolutionItems) = preProject
		Readme.md = Readme.md
	EndProjectSection
EndProject
Global
	GlobalSection(SolutionConfigurationPlatforms) = preSolution
		Debug|Any CPU = Debug|Any CPU
		Release|Any CPU = Release|Any CPU
	EndGlobalSection
	GlobalSection(ProjectConfigurationPlatforms) = postSolution
		{44792451-0108-4386-8164-1F510FBC926E}.Debug|Any CPU.ActiveCfg = Debug|Any CPU
		{44792451-0108-4386-8164-1F510FBC926E}.Debug|Any CPU.Build.0 = Debug|Any CPU
		{44792451-0108-4386-8164-1F510FBC926E}.Release|Any CPU.ActiveCfg = Release|Any CPU
		{44792451-0108-4386-8164-1F510FBC926E}.Release|Any CPU.Build.0 = Release|Any CPU
	EndGlobalSection
	GlobalSection(SolutionProperties) = preSolution
		HideSolutionNode = FALSE
	EndGlobalSection
EndGlobal
